
Microsoft Visual Studio Solution File, Format Version 12.00
# Visual Studio Version 16
VisualStudioVersion = 16.0.31624.102
MinimumVisualStudioVersion = 10.0.40219.1
Project("{FAE04EC0-301F-11D3-BF4B-00C04F79EFBC}") = "FirmaBase.Android", "FirmaBase\FirmaBase.Android\FirmaBase.Android.csproj", "{4C2398A6-C280-41AB-A810-BC6FFA75DB5E}"
EndProject
Project("{FAE04EC0-301F-11D3-BF4B-00C04F79EFBC}") = "FirmaBase.iOS", "FirmaBase\FirmaBase.iOS\FirmaBase.iOS.csproj", "{53A42F47-309F-4E61-844C-185E9E078D65}"
EndProject
Project("{FAE04EC0-301F-11D3-BF4B-00C04F79EFBC}") = "FirmaBase", "FirmaBase\FirmaBase\FirmaBase.csproj", "{08605C1B-B730-4E1D-83A9-08EB5507E850}"
EndProject
Global
	GlobalSection(SolutionConfigurationPlatforms) = preSolution
		Debug|Any CPU = Debug|Any CPU
		Debug|iPhone = Debug|iPhone
		Debug|iPhoneSimulator = Debug|iPhoneSimulator
		Release|Any CPU = Release|Any CPU
		Release|iPhone = Release|iPhone
		Release|iPhoneSimulator = Release|iPhoneSimulator
	EndGlobalSection
	GlobalSection(ProjectConfigurationPlatforms) = postSolution
		{4C2398A6-C280-41AB-A810-BC6FFA75DB5E}.Debug|Any CPU.ActiveCfg = Debug|Any CPU
		{4C2398A6-C280-41AB-A810-BC6FFA75DB5E}.Debug|Any CPU.Build.0 = Debug|Any CPU
		{4C2398A6-C280-41AB-A810-BC6FFA75DB5E}.Debug|Any CPU.Deploy.0 = Debug|Any CPU
		{4C2398A6-C280-41AB-A810-BC6FFA75DB5E}.Debug|iPhone.ActiveCfg = Debug|Any CPU
		{4C2398A6-C280-41AB-A810-BC6FFA75DB5E}.Debug|iPhone.Build.0 = Debug|Any CPU
		{4C2398A6-C280-41AB-A810-BC6FFA75DB5E}.Debug|iPhone.Deploy.0 = Debug|Any CPU
		{4C2398A6-C280-41AB-A810-BC6FFA75DB5E}.Debug|iPhoneSimulator.ActiveCfg = Debug|Any CPU
		{4C2398A6-C280-41AB-A810-BC6FFA75DB5E}.Debug|iPhoneSimulator.Build.0 = Debug|Any CPU
		{4C2398A6-C280-41AB-A810-BC6FFA75DB5E}.Debug|iPhoneSimulator.Deploy.0 = Debug|Any CPU
		{4C2398A6-C280-41AB-A810-BC6FFA75DB5E}.Release|Any CPU.ActiveCfg = Release|Any CPU
		{4C2398A6-C280-41AB-A810-BC6FFA75DB5E}.Release|Any CPU.Build.0 = Release|Any CPU
		{4C2398A6-C280-41AB-A810-BC6FFA75DB5E}.Release|Any CPU.Deploy.0 = Release|Any CPU
		{4C2398A6-C280-41AB-A810-BC6FFA75DB5E}.Release|iPhone.ActiveCfg = Release|Any CPU
		{4C2398A6-C280-41AB-A810-BC6FFA75DB5E}.Release|iPhone.Build.0 = Release|Any CPU
		{4C2398A6-C280-41AB-A810-BC6FFA75DB5E}.Release|iPhone.Deploy.0 = Release|Any CPU
		{4C2398A6-C280-41AB-A810-BC6FFA75DB5E}.Release|iPhoneSimulator.ActiveCfg = Release|Any CPU
		{4C2398A6-C280-41AB-A810-BC6FFA75DB5E}.Release|iPhoneSimulator.Build.0 = Release|Any CPU
		{4C2398A6-C280-41AB-A810-BC6FFA75DB5E}.Release|iPhoneSimulator.Deploy.0 = Release|Any CPU
		{53A42F47-309F-4E61-844C-185E9E078D65}.Debug|Any CPU.ActiveCfg = Debug|iPhone
		{53A42F47-309F-4E61-844C-185E9E078D65}.Debug|Any CPU.Build.0 = Debug|iPhone
		{53A42F47-309F-4E61-844C-185E9E078D65}.Debug|Any CPU.Deploy.0 = Debug|iPhone
		{53A42F47-309F-4E61-844C-185E9E078D65}.Debug|iPhone.ActiveCfg = Debug|iPhone
		{53A42F47-309F-4E61-844C-185E9E078D65}.Debug|iPhone.Build.0 = Debug|iPhone
		{53A42F47-309F-4E61-844C-185E9E078D65}.Debug|iPhone.Deploy.0 = Debug|iPhone
		{53A42F47-309F-4E61-844C-185E9E078D65}.Debug|iPhoneSimulator.ActiveCfg = Debug|iPhoneSimulator
		{53A42F47-309F-4E61-844C-185E9E078D65}.Debug|iPhoneSimulator.Build.0 = Debug|iPhoneSimulator
		{53A42F47-309F-4E61-844C-185E9E078D65}.Debug|iPhoneSimulator.Deploy.0 = Debug|iPhoneSimulator
		{53A42F47-309F-4E61-844C-185E9E078D65}.Release|Any CPU.ActiveCfg = Release|iPhoneSimulator
		{53A42F47-309F-4E61-844C-185E9E078D65}.Release|Any CPU.Build.0 = Release|iPhoneSimulator
		{53A42F47-309F-4E61-844C-185E9E078D65}.Release|Any CPU.Deploy.0 = Release|iPhoneSimulator
		{53A42F47-309F-4E61-844C-185E9E078D65}.Release|iPhone.ActiveCfg = Release|iPhone
		{53A42F47-309F-4E61-844C-185E9E078D65}.Release|iPhone.Build.0 = Release|iPhone
		{53A42F47-309F-4E61-844C-185E9E078D65}.Release|iPhone.Deploy.0 = Release|iPhone
		{53A42F47-309F-4E61-844C-185E9E078D65}.Release|iPhoneSimulator.ActiveCfg = Release|iPhoneSimulator
		{53A42F47-309F-4E61-844C-185E9E078D65}.Release|iPhoneSimulator.Build.0 = Release|iPhoneSimulator
		{53A42F47-309F-4E61-844C-185E9E078D65}.Release|iPhoneSimulator.Deploy.0 = Release|iPhoneSimulator
		{08605C1B-B730-4E1D-83A9-08EB5507E850}.Debug|Any CPU.ActiveCfg = Debug|Any CPU
		{08605C1B-B730-4E1D-83A9-08EB5507E850}.Debug|Any CPU.Build.0 = Debug|Any CPU
		{08605C1B-B730-4E1D-83A9-08EB5507E850}.Debug|Any CPU.Deploy.0 = Debug|Any CPU
		{08605C1B-B730-4E1D-83A9-08EB5507E850}.Debug|iPhone.ActiveCfg = Debug|Any CPU
		{08605C1B-B730-4E1D-83A9-08EB5507E850}.Debug|iPhone.Build.0 = Debug|Any CPU
		{08605C1B-B730-4E1D-83A9-08EB5507E850}.Debug|iPhone.Deploy.0 = Debug|Any CPU
		{08605C1B-B730-4E1D-83A9-08EB5507E850}.Debug|iPhoneSimulator.ActiveCfg = Debug|Any CPU
		{08605C1B-B730-4E1D-83A9-08EB5507E850}.Debug|iPhoneSimulator.Build.0 = Debug|Any CPU
		{08605C1B-B730-4E1D-83A9-08EB5507E850}.Debug|iPhoneSimulator.Deploy.0 = Debug|Any CPU
		{08605C1B-B730-4E1D-83A9-08EB5507E850}.Release|Any CPU.ActiveCfg = Release|Any CPU
		{08605C1B-B730-4E1D-83A9-08EB5507E850}.Release|Any CPU.Build.0 = Release|Any CPU
		{08605C1B-B730-4E1D-83A9-08EB5507E850}.Release|Any CPU.Deploy.0 = Release|Any CPU
		{08605C1B-B730-4E1D-83A9-08EB5507E850}.Release|iPhone.ActiveCfg = Release|Any CPU
		{08605C1B-B730-4E1D-83A9-08EB5507E850}.Release|iPhone.Build.0 = Release|Any CPU
		{08605C1B-B730-4E1D-83A9-08EB5507E850}.Release|iPhone.Deploy.0 = Release|Any CPU
		{08605C1B-B730-4E1D-83A9-08EB5507E850}.Release|iPhoneSimulator.ActiveCfg = Release|Any CPU
		{08605C1B-B730-4E1D-83A9-08EB5507E850}.Release|iPhoneSimulator.Build.0 = Release|Any CPU
		{08605C1B-B730-4E1D-83A9-08EB5507E850}.Release|iPhoneSimulator.Deploy.0 = Release|Any CPU
	EndGlobalSection
	GlobalSection(SolutionProperties) = preSolution
		HideSolutionNode = FALSE
	EndGlobalSection
	GlobalSection(ExtensibilityGlobals) = postSolution
		SolutionGuid = {38BA6122-705D-4B08-8ACF-B07BA132F766}
	EndGlobalSection
EndGlobal
